
Microsoft Visual Studio Solution File, Format Version 12.00
Project("{FAE04EC0-301F-11D3-BF4B-00C04F79EFBC}") = "QueueControl", "QueueControl\QueueControl.csproj", "{797093A4-F354-4C13-B808-DDC16A421490}"
EndProject
Project("{2150E333-8FDC-42A3-9474-1A3956D46DE8}") = "Sources", "Sources", "{18B96EF5-29E2-4A8F-A705-96FB98761DB2}"
EndProject
Project("{2150E333-8FDC-42A3-9474-1A3956D46DE8}") = "Common", "Common", "{C8AF8B1C-9B02-469F-BE33-B48BE7D1C708}"
EndProject
Project("{2150E333-8FDC-42A3-9474-1A3956D46DE8}") = "Core", "Core", "{758E030F-EB4E-4E5B-A62E-39DF7DB1CBCE}"
EndProject
Project("{FAE04EC0-301F-11D3-BF4B-00C04F79EFBC}") = "Domain", "Domain\Domain.csproj", "{119EEA3F-57C2-407C-9822-70BD24FCB9A0}"
EndProject
Project("{FAE04EC0-301F-11D3-BF4B-00C04F79EFBC}") = "Application", "Application\Application.csproj", "{2DF66E5F-3136-401B-8A97-FBC8DD173749}"
EndProject
Project("{FAE04EC0-301F-11D3-BF4B-00C04F79EFBC}") = "Shared", "Shared\Shared.csproj", "{1F17A3A8-A314-45EB-A90E-26C4AD28640F}"
EndProject
Project("{2150E333-8FDC-42A3-9474-1A3956D46DE8}") = "Infrastructure", "Infrastructure", "{E11196C8-8737-41C6-92BA-2C4BB61CC85C}"
EndProject
Project("{FAE04EC0-301F-11D3-BF4B-00C04F79EFBC}") = "Infrastructure", "Infrastructure\Infrastructure.csproj", "{D22E7647-C322-4E41-A7BF-44A44145150E}"
EndProject
Project("{2150E333-8FDC-42A3-9474-1A3956D46DE8}") = "Presentation", "Presentation", "{6509955C-A9D2-46C1-AD86-48B3E2450B44}"
EndProject
Project("{2150E333-8FDC-42A3-9474-1A3956D46DE8}") = "ClientPackages", "ClientPackages", "{46F57ED7-F2AE-4BAE-9189-11414281F9C1}"
EndProject
Project("{2150E333-8FDC-42A3-9474-1A3956D46DE8}") = "UI", "UI", "{2157384A-C000-4962-A611-64682008E470}"
EndProject
Project("{2150E333-8FDC-42A3-9474-1A3956D46DE8}") = "Documentation ", "Documentation ", "{2047A515-892C-40C3-AD86-B84C077E279F}"
	ProjectSection(SolutionItems) = preProject
		README.md = README.md
		LICENSE.md = LICENSE.md
		.gitignore = .gitignore
	EndProjectSection
EndProject
Project("{FAE04EC0-301F-11D3-BF4B-00C04F79EFBC}") = "WebUI", "WebUI\WebUI.csproj", "{1372D2AC-DFD8-445A-AED5-D3388389B026}"
EndProject
Project("{2150E333-8FDC-42A3-9474-1A3956D46DE8}") = "Worker", "Worker", "{339231C2-A33A-4D9F-A46D-51F4ED809F91}"
EndProject
Project("{FAE04EC0-301F-11D3-BF4B-00C04F79EFBC}") = "AutoPrintAgent", "AutoPrintAgent\AutoPrintAgent.csproj", "{0DDBBEB5-099C-48CD-8D3E-768B35041228}"
EndProject
Global
	GlobalSection(SolutionConfigurationPlatforms) = preSolution
		Debug|Any CPU = Debug|Any CPU
		Release|Any CPU = Release|Any CPU
	EndGlobalSection
	GlobalSection(ProjectConfigurationPlatforms) = postSolution
		{797093A4-F354-4C13-B808-DDC16A421490}.Debug|Any CPU.ActiveCfg = Debug|Any CPU
		{797093A4-F354-4C13-B808-DDC16A421490}.Debug|Any CPU.Build.0 = Debug|Any CPU
		{797093A4-F354-4C13-B808-DDC16A421490}.Release|Any CPU.ActiveCfg = Release|Any CPU
		{797093A4-F354-4C13-B808-DDC16A421490}.Release|Any CPU.Build.0 = Release|Any CPU
		{119EEA3F-57C2-407C-9822-70BD24FCB9A0}.Debug|Any CPU.ActiveCfg = Debug|Any CPU
		{119EEA3F-57C2-407C-9822-70BD24FCB9A0}.Debug|Any CPU.Build.0 = Debug|Any CPU
		{119EEA3F-57C2-407C-9822-70BD24FCB9A0}.Release|Any CPU.ActiveCfg = Release|Any CPU
		{119EEA3F-57C2-407C-9822-70BD24FCB9A0}.Release|Any CPU.Build.0 = Release|Any CPU
		{2DF66E5F-3136-401B-8A97-FBC8DD173749}.Debug|Any CPU.ActiveCfg = Debug|Any CPU
		{2DF66E5F-3136-401B-8A97-FBC8DD173749}.Debug|Any CPU.Build.0 = Debug|Any CPU
		{2DF66E5F-3136-401B-8A97-FBC8DD173749}.Release|Any CPU.ActiveCfg = Release|Any CPU
		{2DF66E5F-3136-401B-8A97-FBC8DD173749}.Release|Any CPU.Build.0 = Release|Any CPU
		{1F17A3A8-A314-45EB-A90E-26C4AD28640F}.Debug|Any CPU.ActiveCfg = Debug|Any CPU
		{1F17A3A8-A314-45EB-A90E-26C4AD28640F}.Debug|Any CPU.Build.0 = Debug|Any CPU
		{1F17A3A8-A314-45EB-A90E-26C4AD28640F}.Release|Any CPU.ActiveCfg = Release|Any CPU
		{1F17A3A8-A314-45EB-A90E-26C4AD28640F}.Release|Any CPU.Build.0 = Release|Any CPU
		{D22E7647-C322-4E41-A7BF-44A44145150E}.Debug|Any CPU.ActiveCfg = Debug|Any CPU
		{D22E7647-C322-4E41-A7BF-44A44145150E}.Debug|Any CPU.Build.0 = Debug|Any CPU
		{D22E7647-C322-4E41-A7BF-44A44145150E}.Release|Any CPU.ActiveCfg = Release|Any CPU
		{D22E7647-C322-4E41-A7BF-44A44145150E}.Release|Any CPU.Build.0 = Release|Any CPU
		{1372D2AC-DFD8-445A-AED5-D3388389B026}.Debug|Any CPU.ActiveCfg = Debug|Any CPU
		{1372D2AC-DFD8-445A-AED5-D3388389B026}.Debug|Any CPU.Build.0 = Debug|Any CPU
		{1372D2AC-DFD8-445A-AED5-D3388389B026}.Release|Any CPU.ActiveCfg = Release|Any CPU
		{1372D2AC-DFD8-445A-AED5-D3388389B026}.Release|Any CPU.Build.0 = Release|Any CPU
		{0DDBBEB5-099C-48CD-8D3E-768B35041228}.Debug|Any CPU.ActiveCfg = Debug|Any CPU
		{0DDBBEB5-099C-48CD-8D3E-768B35041228}.Debug|Any CPU.Build.0 = Debug|Any CPU
		{0DDBBEB5-099C-48CD-8D3E-768B35041228}.Release|Any CPU.ActiveCfg = Release|Any CPU
		{0DDBBEB5-099C-48CD-8D3E-768B35041228}.Release|Any CPU.Build.0 = Release|Any CPU
	EndGlobalSection
	GlobalSection(NestedProjects) = preSolution
		{C8AF8B1C-9B02-469F-BE33-B48BE7D1C708} = {18B96EF5-29E2-4A8F-A705-96FB98761DB2}
		{119EEA3F-57C2-407C-9822-70BD24FCB9A0} = {758E030F-EB4E-4E5B-A62E-39DF7DB1CBCE}
		{2DF66E5F-3136-401B-8A97-FBC8DD173749} = {758E030F-EB4E-4E5B-A62E-39DF7DB1CBCE}
		{758E030F-EB4E-4E5B-A62E-39DF7DB1CBCE} = {18B96EF5-29E2-4A8F-A705-96FB98761DB2}
		{1F17A3A8-A314-45EB-A90E-26C4AD28640F} = {C8AF8B1C-9B02-469F-BE33-B48BE7D1C708}
		{E11196C8-8737-41C6-92BA-2C4BB61CC85C} = {18B96EF5-29E2-4A8F-A705-96FB98761DB2}
		{D22E7647-C322-4E41-A7BF-44A44145150E} = {E11196C8-8737-41C6-92BA-2C4BB61CC85C}
		{6509955C-A9D2-46C1-AD86-48B3E2450B44} = {18B96EF5-29E2-4A8F-A705-96FB98761DB2}
		{46F57ED7-F2AE-4BAE-9189-11414281F9C1} = {6509955C-A9D2-46C1-AD86-48B3E2450B44}
		{2157384A-C000-4962-A611-64682008E470} = {6509955C-A9D2-46C1-AD86-48B3E2450B44}
		{797093A4-F354-4C13-B808-DDC16A421490} = {2157384A-C000-4962-A611-64682008E470}
		{1372D2AC-DFD8-445A-AED5-D3388389B026} = {2157384A-C000-4962-A611-64682008E470}
		{339231C2-A33A-4D9F-A46D-51F4ED809F91} = {18B96EF5-29E2-4A8F-A705-96FB98761DB2}
		{0DDBBEB5-099C-48CD-8D3E-768B35041228} = {339231C2-A33A-4D9F-A46D-51F4ED809F91}
	EndGlobalSection
EndGlobal
